// !$*UTF8*$!
{
	archiveVersion = 1;
	classes = {
	};
	objectVersion = 46;
	objects = {

/* Begin PBXBuildFile section */
		0207DA581B56EA530066E2B4 /* Images.xcassets in Resources */ = {isa = PBXBuildFile; fileRef = 0207DA571B56EA530066E2B4 /* Images.xcassets */; };
		047B8E44AE604E339999F5E7 /* CDVReachability.m in Sources */ = {isa = PBXBuildFile; fileRef = 1825FA361CA8422BA5379CE1 /* CDVReachability.m */; };
		05108DDFC4E14F49A4F1A593 /* CDVCamera.m in Sources */ = {isa = PBXBuildFile; fileRef = B3185256AC574888B734ADFB /* CDVCamera.m */; };
		0570DBF02B35451D97FA3167 /* FBSDKCoreKit.framework in Frameworks */ = {isa = PBXBuildFile; fileRef = C0C501DEDF914F5C97D1D0AB /* FBSDKCoreKit.framework */; };
		064A2A2AE321481685E33A2B /* CDVNotification.bundle in Resources */ = {isa = PBXBuildFile; fileRef = C64602CD33434085AFB382DA /* CDVNotification.bundle */; };
		07617213B26441D88F10C10B /* CDVSplashScreen.m in Sources */ = {isa = PBXBuildFile; fileRef = CA94EB9FDB4D4DCDB70EF297 /* CDVSplashScreen.m */; };
		083B6B7E5CC844CCB7AF07C8 /* CDVInAppBrowser.m in Sources */ = {isa = PBXBuildFile; fileRef = 1A319401611B401F864E688D /* CDVInAppBrowser.m */; };
		098CAE30F44D43B7821CBEF1 /* OneSignal.m in Sources */ = {isa = PBXBuildFile; fileRef = 6FDD1A6E7C9F4B0B8856C0A5 /* OneSignal.m */; };
		10CBB0AC38C34997A866210E /* CDVJpegHeaderWriter.m in Sources */ = {isa = PBXBuildFile; fileRef = 4D1601C962C54B8D997549A0 /* CDVJpegHeaderWriter.m */; };
		11718CCFEC3C44DE9BAC70E0 /* CDVNotification.m in Sources */ = {isa = PBXBuildFile; fileRef = C142CDED3B34457389D90891 /* CDVNotification.m */; };
		119A6F1E3C77402EBA0E6846 /* CDVAssetLibraryFilesystem.m in Sources */ = {isa = PBXBuildFile; fileRef = 7CB38B08B19346E09E9993F8 /* CDVAssetLibraryFilesystem.m */; };
		13D1C99CE7EA49F599A77FEC /* AddressBookUI.framework in Frameworks */ = {isa = PBXBuildFile; fileRef = 0442B6A64C614F2BB4E0F6DC /* AddressBookUI.framework */; settings = {ATTRIBUTES = (Weak, ); }; };
		15F7B51DB4574312BDAAE0ED /* CDVContacts.m in Sources */ = {isa = PBXBuildFile; fileRef = 4152D818C5BD4796885670A2 /* CDVContacts.m */; };
		19B25A9ACA464C0188031483 /* CDVLocation.m in Sources */ = {isa = PBXBuildFile; fileRef = CCA397AC99E2476AA2D7682D /* CDVLocation.m */; };
		1D0F271981274448A1658718 /* CDVAccelerometer.m in Sources */ = {isa = PBXBuildFile; fileRef = 86B186C8E15041159100DA33 /* CDVAccelerometer.m */; };
		1D3623260D0F684500981E51 /* AppDelegate.m in Sources */ = {isa = PBXBuildFile; fileRef = 1D3623250D0F684500981E51 /* AppDelegate.m */; };
		1D60589B0D05DD56006BFB54 /* main.m in Sources */ = {isa = PBXBuildFile; fileRef = 29B97316FDCFA39411CA2CEA /* main.m */; };
		1DF3012CA35844BFA72766F6 /* OneSignalLocation.m in Sources */ = {isa = PBXBuildFile; fileRef = F3E3C1012F054209BA1CB310 /* OneSignalLocation.m */; };
		219DC14B8B6A45AFA1C6056F /* UIImage+CropScaleOrientation.m in Sources */ = {isa = PBXBuildFile; fileRef = FCD24F1701D2418F8194E099 /* UIImage+CropScaleOrientation.m */; };
		262B0B51CA1A403EBACF30DA /* UNUserNotificationCenter+OneSignal.h in Sources */ = {isa = PBXBuildFile; fileRef = F6BB365D8DDF4142BEBEF81B /* UNUserNotificationCenter+OneSignal.h */; };
		2DEE223164FF47AC92411191 /* CDVStatusBar.m in Sources */ = {isa = PBXBuildFile; fileRef = AA95C25C709C492C9903A1D8 /* CDVStatusBar.m */; };
		301BF552109A68D80062928A /* libCordova.a in Frameworks */ = {isa = PBXBuildFile; fileRef = 301BF535109A57CC0062928A /* libCordova.a */; };
		302D95F114D2391D003F00A1 /* MainViewController.m in Sources */ = {isa = PBXBuildFile; fileRef = 302D95EF14D2391D003F00A1 /* MainViewController.m */; };
		302D95F214D2391D003F00A1 /* MainViewController.xib in Resources */ = {isa = PBXBuildFile; fileRef = 302D95F014D2391D003F00A1 /* MainViewController.xib */; };
		3047A5121AB8059700498E2A /* build-debug.xcconfig in Resources */ = {isa = PBXBuildFile; fileRef = 3047A50F1AB8059700498E2A /* build-debug.xcconfig */; };
		3047A5131AB8059700498E2A /* build-release.xcconfig in Resources */ = {isa = PBXBuildFile; fileRef = 3047A5101AB8059700498E2A /* build-release.xcconfig */; };
		3047A5141AB8059700498E2A /* build.xcconfig in Resources */ = {isa = PBXBuildFile; fileRef = 3047A5111AB8059700498E2A /* build.xcconfig */; };
		307DF4B108C34EF4B54CF35B /* AVFoundation.framework in Frameworks */ = {isa = PBXBuildFile; fileRef = BF794ED5E15448D8A9D41F5D /* AVFoundation.framework */; };
		30A57C565BFB4FD58115AB46 /* OneSignalReachability.m in Sources */ = {isa = PBXBuildFile; fileRef = 7A4D9ABC42F24B66AB5F562E /* OneSignalReachability.m */; };
		34C8A1AB25E4414882398FF4 /* CoreMotion.framework in Frameworks */ = {isa = PBXBuildFile; fileRef = 3F86D155CB9949F29C03861A /* CoreMotion.framework */; };
		3592F2CE31ED494D9D10BC09 /* CoreLocation.framework in Frameworks */ = {isa = PBXBuildFile; fileRef = DE6A4C6C472F4A369656C4C1 /* CoreLocation.framework */; };
		387BD062B805431D99D2932C /* OneSignalMobileProvision.m in Sources */ = {isa = PBXBuildFile; fileRef = 6941139FE1FB4740AA801D52 /* OneSignalMobileProvision.m */; };
		3D08275FDB5B4384B4AFB6B8 /* CDVDevice.m in Sources */ = {isa = PBXBuildFile; fileRef = 515CCA898A7640B29877E748 /* CDVDevice.m */; };
		4098E1057F654FF19D2AB050 /* CDVFile.m in Sources */ = {isa = PBXBuildFile; fileRef = 733EFF2D2B94478A99CC5D2E /* CDVFile.m */; };
		4276385BA6EC400DA4B8FF04 /* OneSignalSelectorHelpers.m in Sources */ = {isa = PBXBuildFile; fileRef = 4B431849E71B44D09C8AE880 /* OneSignalSelectorHelpers.m */; };
		482826E29A9340729339F534 /* OneSignalTrackIAP.m in Sources */ = {isa = PBXBuildFile; fileRef = 8C8085EC43C34E4B8DF584CB /* OneSignalTrackIAP.m */; };
		48D28688DE2A421C9D8A990A /* UIApplicationDelegate+OneSignal.m in Sources */ = {isa = PBXBuildFile; fileRef = 7092C2CE6829490AB928F6E0 /* UIApplicationDelegate+OneSignal.m */; };
		584A4E081A06461D91C9A911 /* OneSignalAlertViewDelegate.m in Sources */ = {isa = PBXBuildFile; fileRef = 5A514D677E004C509C20BE77 /* OneSignalAlertViewDelegate.m */; };
		5BB8294BF55E48179410EFCD /* OneSignalJailbreakDetection.m in Sources */ = {isa = PBXBuildFile; fileRef = BEF2A85A151246859A673892 /* OneSignalJailbreakDetection.m */; };
		5F44B1A8F9C34EEBB926830D /* AudioToolbox.framework in Frameworks */ = {isa = PBXBuildFile; fileRef = 3A1A2115EA4E49F0B4A97C71 /* AudioToolbox.framework */; settings = {ATTRIBUTES = (Weak, ); }; };
		61167A3C0E134FA09008DD08 /* SystemConfiguration.framework in Frameworks */ = {isa = PBXBuildFile; fileRef = 0BFFCA8D83174A90A6539555 /* SystemConfiguration.framework */; settings = {ATTRIBUTES = (Weak, ); }; };
		62EBFA01EE1D4A48B04D0C2D /* CDVBattery.m in Sources */ = {isa = PBXBuildFile; fileRef = 21F790F21ADF44309DF89C88 /* CDVBattery.m */; };
		698AC87D7BAE4D189C6397C3 /* AddressBook.framework in Frameworks */ = {isa = PBXBuildFile; fileRef = 5046552ABA374C61B0260845 /* AddressBook.framework */; settings = {ATTRIBUTES = (Weak, ); }; };
		69CEBDCBD70D4BC792D2F177 /* OneSignalTracker.m in Sources */ = {isa = PBXBuildFile; fileRef = DB43EA71A78E48939AE98FE8 /* OneSignalTracker.m */; };
		6A07C54935DD42AFA8A1A2BA /* CDVFileTransfer.m in Sources */ = {isa = PBXBuildFile; fileRef = 62BD5E8CB78B476B86801719 /* CDVFileTransfer.m */; };
		6D825FCF61154EEB9D9E7E6C /* CDVLocalFilesystem.m in Sources */ = {isa = PBXBuildFile; fileRef = 3764EB13561F476FBC53FD71 /* CDVLocalFilesystem.m */; };
		6E3E7E3B0A9B4B9584F0052B /* UIApplicationDelegate+OneSignal.h in Sources */ = {isa = PBXBuildFile; fileRef = C2423DA29C0D486D8B55E259 /* UIApplicationDelegate+OneSignal.h */; };
		72284C8C1C1140B7A8A0EA6E /* CDVGlobalization.m in Sources */ = {isa = PBXBuildFile; fileRef = 858338A0B3CA406DBBF2EFE0 /* CDVGlobalization.m */; };
		7BB9F5B9905F444EA1F6F62D /* CDVCompass.m in Sources */ = {isa = PBXBuildFile; fileRef = 834A038D0E1D48BF8B2657F4 /* CDVCompass.m */; };
		7D1274BD8EE846FC85E50A6A /* CDVCapture.m in Sources */ = {isa = PBXBuildFile; fileRef = B3734FE9E2514CAAA96A1F42 /* CDVCapture.m */; };
		83EE15CCC7E040D2B563E535 /* CDVViewController+SplashScreen.m in Sources */ = {isa = PBXBuildFile; fileRef = 52A4F71CF18C4704BF624E30 /* CDVViewController+SplashScreen.m */; };
		8A5E7E540C444A80ACFE41A3 /* FacebookConnectPlugin.m in Sources */ = {isa = PBXBuildFile; fileRef = 520AA812F9954EAEA6D61374 /* FacebookConnectPlugin.m */; };
		925881B33BA84C549EE56C35 /* CDVSound.m in Sources */ = {isa = PBXBuildFile; fileRef = 789490A115D84A52B4486492 /* CDVSound.m */; };
		9996A5BC2B1A4DB0A773CB12 /* OneSignalHelper.m in Sources */ = {isa = PBXBuildFile; fileRef = 869DFEF6963E48AA87751F71 /* OneSignalHelper.m */; };
		9E98D090E9A9478D99300942 /* CDVConnection.m in Sources */ = {isa = PBXBuildFile; fileRef = 335B81F5CD4E47A3A6887AA3 /* CDVConnection.m */; };
		A041BF6D7CD646858AB861B1 /* CDVCapture.bundle in Resources */ = {isa = PBXBuildFile; fileRef = E73F5B56B8454AC9A3C9CD96 /* CDVCapture.bundle */; };
		B07AD787AF9B48D398AF18D2 /* UNUserNotificationCenter+OneSignal.m in Sources */ = {isa = PBXBuildFile; fileRef = 0924AE95E4D34C9DBDBD05A0 /* UNUserNotificationCenter+OneSignal.m */; };
		BCFF18A5459341BCB7AEAD76 /* OneSignalSelectorHelpers.h in Sources */ = {isa = PBXBuildFile; fileRef = 4817D2F013F54BE6B2453B6E /* OneSignalSelectorHelpers.h */; };
		C1847814B57D438C99E70D1D /* OneSignalPush.h in Sources */ = {isa = PBXBuildFile; fileRef = 1FB1FC8C207B49AD88BE59DE /* OneSignalPush.h */; };
		C465E073882A47CB87B399D2 /* CDVContact.m in Sources */ = {isa = PBXBuildFile; fileRef = 6F2808DDDD5F4AD0AD77DD03 /* CDVContact.m */; };
		CC8C8A81C61742F4B6B52749 /* CDVVibration.m in Sources */ = {isa = PBXBuildFile; fileRef = 26D15C26C39046FDADE780AB /* CDVVibration.m */; };
		D8A1980269C7479FB90917B9 /* FBSDKShareKit.framework in Frameworks */ = {isa = PBXBuildFile; fileRef = 222FE7FC5B7A4C72BB0B3973 /* FBSDKShareKit.framework */; };
		E18E1095FE3C4627819BE994 /* OneSignalHTTPClient.m in Sources */ = {isa = PBXBuildFile; fileRef = DBDB2D6D16FD4F27BAF55136 /* OneSignalHTTPClient.m */; };
		E490868974D14E388675E7BC /* Bolts.framework in Frameworks */ = {isa = PBXBuildFile; fileRef = F47078A0223F42C0B48BDD97 /* Bolts.framework */; };
		E9D9BF23B272413483BC4F4C /* ImageIO.framework in Frameworks */ = {isa = PBXBuildFile; fileRef = D2B1E3667FB241A597F25E84 /* ImageIO.framework */; settings = {ATTRIBUTES = (Weak, ); }; };
		EE73389F42BD4BD78FF94B8E /* OneSignalWebView.m in Sources */ = {isa = PBXBuildFile; fileRef = 538D44F8609C44B4AD84A7ED /* OneSignalWebView.m */; };
		F63F6C7484B4404EB8EBD6A6 /* OneSignalPush.m in Sources */ = {isa = PBXBuildFile; fileRef = CE798C546AB547449A522F61 /* OneSignalPush.m */; };
		F823199AAD42434BA9DF7E3D /* CoreTelephony.framework in Frameworks */ = {isa = PBXBuildFile; fileRef = B16C820C7D3D4B0FA4B93D92 /* CoreTelephony.framework */; };
		F9F50456325442F7BCA87A2F /* FBSDKLoginKit.framework in Frameworks */ = {isa = PBXBuildFile; fileRef = E1E683B75E584230AF36B8AE /* FBSDKLoginKit.framework */; };
		FA8127E0B27946CBAA337723 /* CDVLogger.m in Sources */ = {isa = PBXBuildFile; fileRef = 052EECA9C50C4F14B71C09E8 /* CDVLogger.m */; };
/* End PBXBuildFile section */

/* Begin PBXContainerItemProxy section */
		301BF534109A57CC0062928A /* PBXContainerItemProxy */ = {
			isa = PBXContainerItemProxy;
			containerPortal = 301BF52D109A57CC0062928A /* CordovaLib.xcodeproj */;
			proxyType = 2;
			remoteGlobalIDString = D2AAC07E0554694100DB518D;
			remoteInfo = CordovaLib;
		};
		301BF550109A68C00062928A /* PBXContainerItemProxy */ = {
			isa = PBXContainerItemProxy;
			containerPortal = 301BF52D109A57CC0062928A /* CordovaLib.xcodeproj */;
			proxyType = 1;
			remoteGlobalIDString = D2AAC07D0554694100DB518D;
			remoteInfo = CordovaLib;
		};
/* End PBXContainerItemProxy section */

/* Begin PBXFileReference section */
		0057991FA25645CAB8307670 /* OneSignalReachability.h */ = {isa = PBXFileReference; explicitFileType = undefined; fileEncoding = 4; includeInIndex = 0; lastKnownFileType = sourcecode.c.h; name = OneSignalReachability.h; path = "onesignal-cordova-plugin/OneSignalReachability.h"; sourceTree = "<group>"; };
		0207DA571B56EA530066E2B4 /* Images.xcassets */ = {isa = PBXFileReference; lastKnownFileType = folder.assetcatalog; name = Images.xcassets; path = "Coffee Match/Images.xcassets"; sourceTree = SOURCE_ROOT; };
		0442B6A64C614F2BB4E0F6DC /* AddressBookUI.framework */ = {isa = PBXFileReference; explicitFileType = undefined; fileEncoding = 9; includeInIndex = 0; lastKnownFileType = wrapper.framework; name = AddressBookUI.framework; path = System/Library/Frameworks/AddressBookUI.framework; sourceTree = SDKROOT; };
		052EECA9C50C4F14B71C09E8 /* CDVLogger.m */ = {isa = PBXFileReference; explicitFileType = undefined; fileEncoding = 4; includeInIndex = 0; lastKnownFileType = sourcecode.c.objc; name = CDVLogger.m; path = "cordova-plugin-console/CDVLogger.m"; sourceTree = "<group>"; };
		0924AE95E4D34C9DBDBD05A0 /* UNUserNotificationCenter+OneSignal.m */ = {isa = PBXFileReference; explicitFileType = undefined; fileEncoding = 4; includeInIndex = 0; lastKnownFileType = sourcecode.c.objc; name = "UNUserNotificationCenter+OneSignal.m"; path = "onesignal-cordova-plugin/UNUserNotificationCenter+OneSignal.m"; sourceTree = "<group>"; };
		0944910589414953BD72F422 /* OneSignalTrackIAP.h */ = {isa = PBXFileReference; explicitFileType = undefined; fileEncoding = 4; includeInIndex = 0; lastKnownFileType = sourcecode.c.h; name = OneSignalTrackIAP.h; path = "onesignal-cordova-plugin/OneSignalTrackIAP.h"; sourceTree = "<group>"; };
		0BFFCA8D83174A90A6539555 /* SystemConfiguration.framework */ = {isa = PBXFileReference; explicitFileType = undefined; fileEncoding = 9; includeInIndex = 0; lastKnownFileType = wrapper.framework; name = SystemConfiguration.framework; path = System/Library/Frameworks/SystemConfiguration.framework; sourceTree = SDKROOT; };
		0FD5CC48C5CC42D484FE5727 /* CDVContacts.h */ = {isa = PBXFileReference; explicitFileType = undefined; fileEncoding = 4; includeInIndex = 0; lastKnownFileType = sourcecode.c.h; name = CDVContacts.h; path = "cordova-plugin-contacts/CDVContacts.h"; sourceTree = "<group>"; };
		1825FA361CA8422BA5379CE1 /* CDVReachability.m */ = {isa = PBXFileReference; explicitFileType = undefined; fileEncoding = 4; includeInIndex = 0; lastKnownFileType = sourcecode.c.objc; name = CDVReachability.m; path = "cordova-plugin-network-information/CDVReachability.m"; sourceTree = "<group>"; };
		1A319401611B401F864E688D /* CDVInAppBrowser.m */ = {isa = PBXFileReference; explicitFileType = undefined; fileEncoding = 4; includeInIndex = 0; lastKnownFileType = sourcecode.c.objc; name = CDVInAppBrowser.m; path = "cordova-plugin-inappbrowser/CDVInAppBrowser.m"; sourceTree = "<group>"; };
		1D18A1A8641246BB8ED7A81F /* CDVDevice.h */ = {isa = PBXFileReference; explicitFileType = undefined; fileEncoding = 4; includeInIndex = 0; lastKnownFileType = sourcecode.c.h; name = CDVDevice.h; path = "cordova-plugin-device/CDVDevice.h"; sourceTree = "<group>"; };
		1D3623240D0F684500981E51 /* AppDelegate.h */ = {isa = PBXFileReference; fileEncoding = 4; lastKnownFileType = sourcecode.c.h; path = AppDelegate.h; sourceTree = "<group>"; };
		1D3623250D0F684500981E51 /* AppDelegate.m */ = {isa = PBXFileReference; fileEncoding = 4; lastKnownFileType = sourcecode.c.objc; path = AppDelegate.m; sourceTree = "<group>"; };
		1D6058910D05DD3D006BFB54 /* Coffee Match.app */ = {isa = PBXFileReference; explicitFileType = wrapper.application; includeInIndex = 0; path = "Coffee Match.app"; sourceTree = BUILT_PRODUCTS_DIR; };
		1E9B6A3BCB6644098E77811B /* OneSignal-Prefix.pch */ = {isa = PBXFileReference; explicitFileType = undefined; fileEncoding = 4; includeInIndex = 0; lastKnownFileType = sourcecode.c.h; name = "OneSignal-Prefix.pch"; path = "onesignal-cordova-plugin/OneSignal-Prefix.pch"; sourceTree = "<group>"; };
		1FB1FC8C207B49AD88BE59DE /* OneSignalPush.h */ = {isa = PBXFileReference; explicitFileType = undefined; fileEncoding = 4; includeInIndex = 0; lastKnownFileType = sourcecode.c.h; name = OneSignalPush.h; path = "onesignal-cordova-plugin/OneSignalPush.h"; sourceTree = "<group>"; };
		20C670E233CB487FB0B5DAF3 /* CDVCamera.h */ = {isa = PBXFileReference; explicitFileType = undefined; fileEncoding = 4; includeInIndex = 0; lastKnownFileType = sourcecode.c.h; name = CDVCamera.h; path = "cordova-plugin-camera/CDVCamera.h"; sourceTree = "<group>"; };
		21F790F21ADF44309DF89C88 /* CDVBattery.m */ = {isa = PBXFileReference; explicitFileType = undefined; fileEncoding = 4; includeInIndex = 0; lastKnownFileType = sourcecode.c.objc; name = CDVBattery.m; path = "cordova-plugin-battery-status/CDVBattery.m"; sourceTree = "<group>"; };
		222FE7FC5B7A4C72BB0B3973 /* FBSDKShareKit.framework */ = {isa = PBXFileReference; explicitFileType = undefined; fileEncoding = 9; includeInIndex = 0; lastKnownFileType = wrapper.framework; name = FBSDKShareKit.framework; path = "Coffee Match/Plugins/cordova-plugin-facebook4/FBSDKShareKit.framework"; sourceTree = "<group>"; };
		26D15C26C39046FDADE780AB /* CDVVibration.m */ = {isa = PBXFileReference; explicitFileType = undefined; fileEncoding = 4; includeInIndex = 0; lastKnownFileType = sourcecode.c.objc; name = CDVVibration.m; path = "cordova-plugin-vibration/CDVVibration.m"; sourceTree = "<group>"; };
		29B97316FDCFA39411CA2CEA /* main.m */ = {isa = PBXFileReference; fileEncoding = 4; lastKnownFileType = sourcecode.c.objc; path = main.m; sourceTree = "<group>"; };
		301BF52D109A57CC0062928A /* CordovaLib.xcodeproj */ = {isa = PBXFileReference; lastKnownFileType = "wrapper.pb-project"; name = CordovaLib.xcodeproj; path = CordovaLib/CordovaLib.xcodeproj; sourceTree = "<group>"; };
		301BF56E109A69640062928A /* www */ = {isa = PBXFileReference; lastKnownFileType = folder; path = www; sourceTree = SOURCE_ROOT; };
		302D95EE14D2391D003F00A1 /* MainViewController.h */ = {isa = PBXFileReference; fileEncoding = 4; lastKnownFileType = sourcecode.c.h; path = MainViewController.h; sourceTree = "<group>"; };
		302D95EF14D2391D003F00A1 /* MainViewController.m */ = {isa = PBXFileReference; fileEncoding = 4; lastKnownFileType = sourcecode.c.objc; path = MainViewController.m; sourceTree = "<group>"; };
		302D95F014D2391D003F00A1 /* MainViewController.xib */ = {isa = PBXFileReference; fileEncoding = 4; lastKnownFileType = file.xib; path = MainViewController.xib; sourceTree = "<group>"; };
		3047A50F1AB8059700498E2A /* build-debug.xcconfig */ = {isa = PBXFileReference; fileEncoding = 4; lastKnownFileType = text.xcconfig; name = "build-debug.xcconfig"; path = "cordova/build-debug.xcconfig"; sourceTree = SOURCE_ROOT; };
		3047A5101AB8059700498E2A /* build-release.xcconfig */ = {isa = PBXFileReference; fileEncoding = 4; lastKnownFileType = text.xcconfig; name = "build-release.xcconfig"; path = "cordova/build-release.xcconfig"; sourceTree = SOURCE_ROOT; };
		3047A5111AB8059700498E2A /* build.xcconfig */ = {isa = PBXFileReference; fileEncoding = 4; lastKnownFileType = text.xcconfig; name = build.xcconfig; path = cordova/build.xcconfig; sourceTree = SOURCE_ROOT; };
		32CA4F630368D1EE00C91783 /* Coffee Match-Prefix.pch */ = {isa = PBXFileReference; fileEncoding = 4; lastKnownFileType = sourcecode.c.h; path = "Coffee Match-Prefix.pch"; sourceTree = "<group>"; };
		335B81F5CD4E47A3A6887AA3 /* CDVConnection.m */ = {isa = PBXFileReference; explicitFileType = undefined; fileEncoding = 4; includeInIndex = 0; lastKnownFileType = sourcecode.c.objc; name = CDVConnection.m; path = "cordova-plugin-network-information/CDVConnection.m"; sourceTree = "<group>"; };
		3764EB13561F476FBC53FD71 /* CDVLocalFilesystem.m */ = {isa = PBXFileReference; explicitFileType = undefined; fileEncoding = 4; includeInIndex = 0; lastKnownFileType = sourcecode.c.objc; name = CDVLocalFilesystem.m; path = "cordova-plugin-file/CDVLocalFilesystem.m"; sourceTree = "<group>"; };
		397354B81DF8E57300313E3A /* Coffee Match.entitlements */ = {isa = PBXFileReference; lastKnownFileType = text.plist.entitlements; name = "Coffee Match.entitlements"; path = "Coffee Match/Coffee Match.entitlements"; sourceTree = "<group>"; };
		3A1A2115EA4E49F0B4A97C71 /* AudioToolbox.framework */ = {isa = PBXFileReference; explicitFileType = undefined; fileEncoding = 9; includeInIndex = 0; lastKnownFileType = wrapper.framework; name = AudioToolbox.framework; path = System/Library/Frameworks/AudioToolbox.framework; sourceTree = SDKROOT; };
		3A9FDDE385EB4905B8E05D8A /* CDVExif.h */ = {isa = PBXFileReference; explicitFileType = undefined; fileEncoding = 4; includeInIndex = 0; lastKnownFileType = sourcecode.c.h; name = CDVExif.h; path = "cordova-plugin-camera/CDVExif.h"; sourceTree = "<group>"; };
		3F86D155CB9949F29C03861A /* CoreMotion.framework */ = {isa = PBXFileReference; explicitFileType = undefined; fileEncoding = 9; includeInIndex = 0; lastKnownFileType = wrapper.framework; name = CoreMotion.framework; path = System/Library/Frameworks/CoreMotion.framework; sourceTree = SDKROOT; };
		4152D818C5BD4796885670A2 /* CDVContacts.m */ = {isa = PBXFileReference; explicitFileType = undefined; fileEncoding = 4; includeInIndex = 0; lastKnownFileType = sourcecode.c.objc; name = CDVContacts.m; path = "cordova-plugin-contacts/CDVContacts.m"; sourceTree = "<group>"; };
		4817D2F013F54BE6B2453B6E /* OneSignalSelectorHelpers.h */ = {isa = PBXFileReference; explicitFileType = undefined; fileEncoding = 4; includeInIndex = 0; lastKnownFileType = sourcecode.c.h; name = OneSignalSelectorHelpers.h; path = "onesignal-cordova-plugin/OneSignalSelectorHelpers.h"; sourceTree = "<group>"; };
		4B431849E71B44D09C8AE880 /* OneSignalSelectorHelpers.m */ = {isa = PBXFileReference; explicitFileType = undefined; fileEncoding = 4; includeInIndex = 0; lastKnownFileType = sourcecode.c.objc; name = OneSignalSelectorHelpers.m; path = "onesignal-cordova-plugin/OneSignalSelectorHelpers.m"; sourceTree = "<group>"; };
		4D1601C962C54B8D997549A0 /* CDVJpegHeaderWriter.m */ = {isa = PBXFileReference; explicitFileType = undefined; fileEncoding = 4; includeInIndex = 0; lastKnownFileType = sourcecode.c.objc; name = CDVJpegHeaderWriter.m; path = "cordova-plugin-camera/CDVJpegHeaderWriter.m"; sourceTree = "<group>"; };
		4E9908FD766A4DF59974660C /* CDVAccelerometer.h */ = {isa = PBXFileReference; explicitFileType = undefined; fileEncoding = 4; includeInIndex = 0; lastKnownFileType = sourcecode.c.h; name = CDVAccelerometer.h; path = "cordova-plugin-device-motion/CDVAccelerometer.h"; sourceTree = "<group>"; };
		5046552ABA374C61B0260845 /* AddressBook.framework */ = {isa = PBXFileReference; explicitFileType = undefined; fileEncoding = 9; includeInIndex = 0; lastKnownFileType = wrapper.framework; name = AddressBook.framework; path = System/Library/Frameworks/AddressBook.framework; sourceTree = SDKROOT; };
		515CCA898A7640B29877E748 /* CDVDevice.m */ = {isa = PBXFileReference; explicitFileType = undefined; fileEncoding = 4; includeInIndex = 0; lastKnownFileType = sourcecode.c.objc; name = CDVDevice.m; path = "cordova-plugin-device/CDVDevice.m"; sourceTree = "<group>"; };
		51C1FEC66B3E4084B8312AFB /* OneSignalHTTPClient.h */ = {isa = PBXFileReference; explicitFileType = undefined; fileEncoding = 4; includeInIndex = 0; lastKnownFileType = sourcecode.c.h; name = OneSignalHTTPClient.h; path = "onesignal-cordova-plugin/OneSignalHTTPClient.h"; sourceTree = "<group>"; };
		520AA812F9954EAEA6D61374 /* FacebookConnectPlugin.m */ = {isa = PBXFileReference; explicitFileType = undefined; fileEncoding = 4; includeInIndex = 0; lastKnownFileType = sourcecode.c.objc; name = FacebookConnectPlugin.m; path = "cordova-plugin-facebook4/FacebookConnectPlugin.m"; sourceTree = "<group>"; };
		52A4F71CF18C4704BF624E30 /* CDVViewController+SplashScreen.m */ = {isa = PBXFileReference; explicitFileType = undefined; fileEncoding = 4; includeInIndex = 0; lastKnownFileType = sourcecode.c.objc; name = "CDVViewController+SplashScreen.m"; path = "cordova-plugin-splashscreen/CDVViewController+SplashScreen.m"; sourceTree = "<group>"; };
		538D44F8609C44B4AD84A7ED /* OneSignalWebView.m */ = {isa = PBXFileReference; explicitFileType = undefined; fileEncoding = 4; includeInIndex = 0; lastKnownFileType = sourcecode.c.objc; name = OneSignalWebView.m; path = "onesignal-cordova-plugin/OneSignalWebView.m"; sourceTree = "<group>"; };
		55B877093481478783AC0298 /* CDVLocalFilesystem.h */ = {isa = PBXFileReference; explicitFileType = undefined; fileEncoding = 4; includeInIndex = 0; lastKnownFileType = sourcecode.c.h; name = CDVLocalFilesystem.h; path = "cordova-plugin-file/CDVLocalFilesystem.h"; sourceTree = "<group>"; };
		5A514D677E004C509C20BE77 /* OneSignalAlertViewDelegate.m */ = {isa = PBXFileReference; explicitFileType = undefined; fileEncoding = 4; includeInIndex = 0; lastKnownFileType = sourcecode.c.objc; name = OneSignalAlertViewDelegate.m; path = "onesignal-cordova-plugin/OneSignalAlertViewDelegate.m"; sourceTree = "<group>"; };
		62BD5E8CB78B476B86801719 /* CDVFileTransfer.m */ = {isa = PBXFileReference; explicitFileType = undefined; fileEncoding = 4; includeInIndex = 0; lastKnownFileType = sourcecode.c.objc; name = CDVFileTransfer.m; path = "cordova-plugin-file-transfer/CDVFileTransfer.m"; sourceTree = "<group>"; };
		6941139FE1FB4740AA801D52 /* OneSignalMobileProvision.m */ = {isa = PBXFileReference; explicitFileType = undefined; fileEncoding = 4; includeInIndex = 0; lastKnownFileType = sourcecode.c.objc; name = OneSignalMobileProvision.m; path = "onesignal-cordova-plugin/OneSignalMobileProvision.m"; sourceTree = "<group>"; };
		6C00A06B7DB64C809FAEFE1E /* OneSignalLocation.h */ = {isa = PBXFileReference; explicitFileType = undefined; fileEncoding = 4; includeInIndex = 0; lastKnownFileType = sourcecode.c.h; name = OneSignalLocation.h; path = "onesignal-cordova-plugin/OneSignalLocation.h"; sourceTree = "<group>"; };
		6F2808DDDD5F4AD0AD77DD03 /* CDVContact.m */ = {isa = PBXFileReference; explicitFileType = undefined; fileEncoding = 4; includeInIndex = 0; lastKnownFileType = sourcecode.c.objc; name = CDVContact.m; path = "cordova-plugin-contacts/CDVContact.m"; sourceTree = "<group>"; };
		6FDD1A6E7C9F4B0B8856C0A5 /* OneSignal.m */ = {isa = PBXFileReference; explicitFileType = undefined; fileEncoding = 4; includeInIndex = 0; lastKnownFileType = sourcecode.c.objc; name = OneSignal.m; path = "onesignal-cordova-plugin/OneSignal.m"; sourceTree = "<group>"; };
		70385F2FF9444694BC8E4CF9 /* CDVLogger.h */ = {isa = PBXFileReference; explicitFileType = undefined; fileEncoding = 4; includeInIndex = 0; lastKnownFileType = sourcecode.c.h; name = CDVLogger.h; path = "cordova-plugin-console/CDVLogger.h"; sourceTree = "<group>"; };
		7092C2CE6829490AB928F6E0 /* UIApplicationDelegate+OneSignal.m */ = {isa = PBXFileReference; explicitFileType = undefined; fileEncoding = 4; includeInIndex = 0; lastKnownFileType = sourcecode.c.objc; name = "UIApplicationDelegate+OneSignal.m"; path = "onesignal-cordova-plugin/UIApplicationDelegate+OneSignal.m"; sourceTree = "<group>"; };
		733EFF2D2B94478A99CC5D2E /* CDVFile.m */ = {isa = PBXFileReference; explicitFileType = undefined; fileEncoding = 4; includeInIndex = 0; lastKnownFileType = sourcecode.c.objc; name = CDVFile.m; path = "cordova-plugin-file/CDVFile.m"; sourceTree = "<group>"; };
		789490A115D84A52B4486492 /* CDVSound.m */ = {isa = PBXFileReference; explicitFileType = undefined; fileEncoding = 4; includeInIndex = 0; lastKnownFileType = sourcecode.c.objc; name = CDVSound.m; path = "cordova-plugin-media/CDVSound.m"; sourceTree = "<group>"; };
		7A4D9ABC42F24B66AB5F562E /* OneSignalReachability.m */ = {isa = PBXFileReference; explicitFileType = undefined; fileEncoding = 4; includeInIndex = 0; lastKnownFileType = sourcecode.c.objc; name = OneSignalReachability.m; path = "onesignal-cordova-plugin/OneSignalReachability.m"; sourceTree = "<group>"; };
		7CB38B08B19346E09E9993F8 /* CDVAssetLibraryFilesystem.m */ = {isa = PBXFileReference; explicitFileType = undefined; fileEncoding = 4; includeInIndex = 0; lastKnownFileType = sourcecode.c.objc; name = CDVAssetLibraryFilesystem.m; path = "cordova-plugin-file/CDVAssetLibraryFilesystem.m"; sourceTree = "<group>"; };
		8172C6E5BE79408B858968EC /* CDVVibration.h */ = {isa = PBXFileReference; explicitFileType = undefined; fileEncoding = 4; includeInIndex = 0; lastKnownFileType = sourcecode.c.h; name = CDVVibration.h; path = "cordova-plugin-vibration/CDVVibration.h"; sourceTree = "<group>"; };
		82E341ACCB3449BDAA9E8417 /* CDVLocation.h */ = {isa = PBXFileReference; explicitFileType = undefined; fileEncoding = 4; includeInIndex = 0; lastKnownFileType = sourcecode.c.h; name = CDVLocation.h; path = "cordova-plugin-geolocation/CDVLocation.h"; sourceTree = "<group>"; };
		834A038D0E1D48BF8B2657F4 /* CDVCompass.m */ = {isa = PBXFileReference; explicitFileType = undefined; fileEncoding = 4; includeInIndex = 0; lastKnownFileType = sourcecode.c.objc; name = CDVCompass.m; path = "cordova-plugin-device-orientation/CDVCompass.m"; sourceTree = "<group>"; };
		84757613376548499A73A1D2 /* CDVReachability.h */ = {isa = PBXFileReference; explicitFileType = undefined; fileEncoding = 4; includeInIndex = 0; lastKnownFileType = sourcecode.c.h; name = CDVReachability.h; path = "cordova-plugin-network-information/CDVReachability.h"; sourceTree = "<group>"; };
		84B41C14CAF0496DB7D5B714 /* OneSignalTracker.h */ = {isa = PBXFileReference; explicitFileType = undefined; fileEncoding = 4; includeInIndex = 0; lastKnownFileType = sourcecode.c.h; name = OneSignalTracker.h; path = "onesignal-cordova-plugin/OneSignalTracker.h"; sourceTree = "<group>"; };
		858338A0B3CA406DBBF2EFE0 /* CDVGlobalization.m */ = {isa = PBXFileReference; explicitFileType = undefined; fileEncoding = 4; includeInIndex = 0; lastKnownFileType = sourcecode.c.objc; name = CDVGlobalization.m; path = "cordova-plugin-globalization/CDVGlobalization.m"; sourceTree = "<group>"; };
		869DFEF6963E48AA87751F71 /* OneSignalHelper.m */ = {isa = PBXFileReference; explicitFileType = undefined; fileEncoding = 4; includeInIndex = 0; lastKnownFileType = sourcecode.c.objc; name = OneSignalHelper.m; path = "onesignal-cordova-plugin/OneSignalHelper.m"; sourceTree = "<group>"; };
		86B186C8E15041159100DA33 /* CDVAccelerometer.m */ = {isa = PBXFileReference; explicitFileType = undefined; fileEncoding = 4; includeInIndex = 0; lastKnownFileType = sourcecode.c.objc; name = CDVAccelerometer.m; path = "cordova-plugin-device-motion/CDVAccelerometer.m"; sourceTree = "<group>"; };
		86ED3995ABED402E8948AAB1 /* CDVCompass.h */ = {isa = PBXFileReference; explicitFileType = undefined; fileEncoding = 4; includeInIndex = 0; lastKnownFileType = sourcecode.c.h; name = CDVCompass.h; path = "cordova-plugin-device-orientation/CDVCompass.h"; sourceTree = "<group>"; };
		873657165B5E4062877691C3 /* CDVFile.h */ = {isa = PBXFileReference; explicitFileType = undefined; fileEncoding = 4; includeInIndex = 0; lastKnownFileType = sourcecode.c.h; name = CDVFile.h; path = "cordova-plugin-file/CDVFile.h"; sourceTree = "<group>"; };
		8C7F938241B44E819607B944 /* CDVAssetLibraryFilesystem.h */ = {isa = PBXFileReference; explicitFileType = undefined; fileEncoding = 4; includeInIndex = 0; lastKnownFileType = sourcecode.c.h; name = CDVAssetLibraryFilesystem.h; path = "cordova-plugin-file/CDVAssetLibraryFilesystem.h"; sourceTree = "<group>"; };
		8C8085EC43C34E4B8DF584CB /* OneSignalTrackIAP.m */ = {isa = PBXFileReference; explicitFileType = undefined; fileEncoding = 4; includeInIndex = 0; lastKnownFileType = sourcecode.c.objc; name = OneSignalTrackIAP.m; path = "onesignal-cordova-plugin/OneSignalTrackIAP.m"; sourceTree = "<group>"; };
		8D1107310486CEB800E47090 /* Coffee Match-Info.plist */ = {isa = PBXFileReference; fileEncoding = 4; lastKnownFileType = text.plist.xml; name = "Coffee Match-Info.plist"; path = "Coffee Match/Coffee Match-Info.plist"; plistStructureDefinitionIdentifier = "com.apple.xcode.plist.structure-definition.iphone.info-plist"; sourceTree = SOURCE_ROOT; };
		8DCAFCBC4EE6429FB50B89FB /* CDVConnection.h */ = {isa = PBXFileReference; explicitFileType = undefined; fileEncoding = 4; includeInIndex = 0; lastKnownFileType = sourcecode.c.h; name = CDVConnection.h; path = "cordova-plugin-network-information/CDVConnection.h"; sourceTree = "<group>"; };
		8FB692F88F2F40B2AB2BFAB2 /* CDVBattery.h */ = {isa = PBXFileReference; explicitFileType = undefined; fileEncoding = 4; includeInIndex = 0; lastKnownFileType = sourcecode.c.h; name = CDVBattery.h; path = "cordova-plugin-battery-status/CDVBattery.h"; sourceTree = "<group>"; };
		95E48C61D6034CA99F3A233A /* OneSignalAlertViewDelegate.h */ = {isa = PBXFileReference; explicitFileType = undefined; fileEncoding = 4; includeInIndex = 0; lastKnownFileType = sourcecode.c.h; name = OneSignalAlertViewDelegate.h; path = "onesignal-cordova-plugin/OneSignalAlertViewDelegate.h"; sourceTree = "<group>"; };
		9B41AC5D247F4BEA83E34BFE /* FacebookConnectPlugin.h */ = {isa = PBXFileReference; explicitFileType = undefined; fileEncoding = 4; includeInIndex = 0; lastKnownFileType = sourcecode.c.h; name = FacebookConnectPlugin.h; path = "cordova-plugin-facebook4/FacebookConnectPlugin.h"; sourceTree = "<group>"; };
		9DC3841EB3CB469F987A937E /* OneSignal.h */ = {isa = PBXFileReference; explicitFileType = undefined; fileEncoding = 4; includeInIndex = 0; lastKnownFileType = sourcecode.c.h; name = OneSignal.h; path = "onesignal-cordova-plugin/OneSignal.h"; sourceTree = "<group>"; };
		A5A9FA18D5354A238FA2D366 /* CDVJpegHeaderWriter.h */ = {isa = PBXFileReference; explicitFileType = undefined; fileEncoding = 4; includeInIndex = 0; lastKnownFileType = sourcecode.c.h; name = CDVJpegHeaderWriter.h; path = "cordova-plugin-camera/CDVJpegHeaderWriter.h"; sourceTree = "<group>"; };
		AA95C25C709C492C9903A1D8 /* CDVStatusBar.m */ = {isa = PBXFileReference; explicitFileType = undefined; fileEncoding = 4; includeInIndex = 0; lastKnownFileType = sourcecode.c.objc; name = CDVStatusBar.m; path = "cordova-plugin-statusbar/CDVStatusBar.m"; sourceTree = "<group>"; };
		ADFDDCC3A6E241F4ADDEB2BE /* OneSignalHelper.h */ = {isa = PBXFileReference; explicitFileType = undefined; fileEncoding = 4; includeInIndex = 0; lastKnownFileType = sourcecode.c.h; name = OneSignalHelper.h; path = "onesignal-cordova-plugin/OneSignalHelper.h"; sourceTree = "<group>"; };
		B16C820C7D3D4B0FA4B93D92 /* CoreTelephony.framework */ = {isa = PBXFileReference; explicitFileType = undefined; fileEncoding = 9; includeInIndex = 0; lastKnownFileType = wrapper.framework; name = CoreTelephony.framework; path = System/Library/Frameworks/CoreTelephony.framework; sourceTree = SDKROOT; };
		B28B5F8C73E44E1797670967 /* OneSignalJailbreakDetection.h */ = {isa = PBXFileReference; explicitFileType = undefined; fileEncoding = 4; includeInIndex = 0; lastKnownFileType = sourcecode.c.h; name = OneSignalJailbreakDetection.h; path = "onesignal-cordova-plugin/OneSignalJailbreakDetection.h"; sourceTree = "<group>"; };
		B3185256AC574888B734ADFB /* CDVCamera.m */ = {isa = PBXFileReference; explicitFileType = undefined; fileEncoding = 4; includeInIndex = 0; lastKnownFileType = sourcecode.c.objc; name = CDVCamera.m; path = "cordova-plugin-camera/CDVCamera.m"; sourceTree = "<group>"; };
		B3734FE9E2514CAAA96A1F42 /* CDVCapture.m */ = {isa = PBXFileReference; explicitFileType = undefined; fileEncoding = 4; includeInIndex = 0; lastKnownFileType = sourcecode.c.objc; name = CDVCapture.m; path = "cordova-plugin-media-capture/CDVCapture.m"; sourceTree = "<group>"; };
		B6F68BA07E5D4786830EEDCD /* CDVCapture.h */ = {isa = PBXFileReference; explicitFileType = undefined; fileEncoding = 4; includeInIndex = 0; lastKnownFileType = sourcecode.c.h; name = CDVCapture.h; path = "cordova-plugin-media-capture/CDVCapture.h"; sourceTree = "<group>"; };
		B846A69D75C7470FBB2874FC /* OneSignalMobileProvision.h */ = {isa = PBXFileReference; explicitFileType = undefined; fileEncoding = 4; includeInIndex = 0; lastKnownFileType = sourcecode.c.h; name = OneSignalMobileProvision.h; path = "onesignal-cordova-plugin/OneSignalMobileProvision.h"; sourceTree = "<group>"; };
		BD21E3AE61CD43059839D4CE /* UIImage+CropScaleOrientation.h */ = {isa = PBXFileReference; explicitFileType = undefined; fileEncoding = 4; includeInIndex = 0; lastKnownFileType = sourcecode.c.h; name = "UIImage+CropScaleOrientation.h"; path = "cordova-plugin-camera/UIImage+CropScaleOrientation.h"; sourceTree = "<group>"; };
		BEF2A85A151246859A673892 /* OneSignalJailbreakDetection.m */ = {isa = PBXFileReference; explicitFileType = undefined; fileEncoding = 4; includeInIndex = 0; lastKnownFileType = sourcecode.c.objc; name = OneSignalJailbreakDetection.m; path = "onesignal-cordova-plugin/OneSignalJailbreakDetection.m"; sourceTree = "<group>"; };
		BF794ED5E15448D8A9D41F5D /* AVFoundation.framework */ = {isa = PBXFileReference; explicitFileType = undefined; fileEncoding = 9; includeInIndex = 0; lastKnownFileType = wrapper.framework; name = AVFoundation.framework; path = System/Library/Frameworks/AVFoundation.framework; sourceTree = SDKROOT; };
		C0C501DEDF914F5C97D1D0AB /* FBSDKCoreKit.framework */ = {isa = PBXFileReference; explicitFileType = undefined; fileEncoding = 9; includeInIndex = 0; lastKnownFileType = wrapper.framework; name = FBSDKCoreKit.framework; path = "Coffee Match/Plugins/cordova-plugin-facebook4/FBSDKCoreKit.framework"; sourceTree = "<group>"; };
		C142CDED3B34457389D90891 /* CDVNotification.m */ = {isa = PBXFileReference; explicitFileType = undefined; fileEncoding = 4; includeInIndex = 0; lastKnownFileType = sourcecode.c.objc; name = CDVNotification.m; path = "cordova-plugin-dialogs/CDVNotification.m"; sourceTree = "<group>"; };
		C2423DA29C0D486D8B55E259 /* UIApplicationDelegate+OneSignal.h */ = {isa = PBXFileReference; explicitFileType = undefined; fileEncoding = 4; includeInIndex = 0; lastKnownFileType = sourcecode.c.h; name = "UIApplicationDelegate+OneSignal.h"; path = "onesignal-cordova-plugin/UIApplicationDelegate+OneSignal.h"; sourceTree = "<group>"; };
		C64602CD33434085AFB382DA /* CDVNotification.bundle */ = {isa = PBXFileReference; explicitFileType = undefined; fileEncoding = 9; includeInIndex = 0; lastKnownFileType = "wrapper.plug-in"; path = CDVNotification.bundle; sourceTree = "<group>"; };
		C7EF36CC43E546BDAD4066DD /* CDVSound.h */ = {isa = PBXFileReference; explicitFileType = undefined; fileEncoding = 4; includeInIndex = 0; lastKnownFileType = sourcecode.c.h; name = CDVSound.h; path = "cordova-plugin-media/CDVSound.h"; sourceTree = "<group>"; };
		CA94EB9FDB4D4DCDB70EF297 /* CDVSplashScreen.m */ = {isa = PBXFileReference; explicitFileType = undefined; fileEncoding = 4; includeInIndex = 0; lastKnownFileType = sourcecode.c.objc; name = CDVSplashScreen.m; path = "cordova-plugin-splashscreen/CDVSplashScreen.m"; sourceTree = "<group>"; };
		CB50B7445A13448B83161283 /* CDVInAppBrowser.h */ = {isa = PBXFileReference; explicitFileType = undefined; fileEncoding = 4; includeInIndex = 0; lastKnownFileType = sourcecode.c.h; name = CDVInAppBrowser.h; path = "cordova-plugin-inappbrowser/CDVInAppBrowser.h"; sourceTree = "<group>"; };
		CB73998E2C1E4821A083FDC1 /* CDVGlobalization.h */ = {isa = PBXFileReference; explicitFileType = undefined; fileEncoding = 4; includeInIndex = 0; lastKnownFileType = sourcecode.c.h; name = CDVGlobalization.h; path = "cordova-plugin-globalization/CDVGlobalization.h"; sourceTree = "<group>"; };
		CC88098977704497AB5EDC85 /* CDVViewController+SplashScreen.h */ = {isa = PBXFileReference; explicitFileType = undefined; fileEncoding = 4; includeInIndex = 0; lastKnownFileType = sourcecode.c.h; name = "CDVViewController+SplashScreen.h"; path = "cordova-plugin-splashscreen/CDVViewController+SplashScreen.h"; sourceTree = "<group>"; };
		CCA397AC99E2476AA2D7682D /* CDVLocation.m */ = {isa = PBXFileReference; explicitFileType = undefined; fileEncoding = 4; includeInIndex = 0; lastKnownFileType = sourcecode.c.objc; name = CDVLocation.m; path = "cordova-plugin-geolocation/CDVLocation.m"; sourceTree = "<group>"; };
		CE798C546AB547449A522F61 /* OneSignalPush.m */ = {isa = PBXFileReference; explicitFileType = undefined; fileEncoding = 4; includeInIndex = 0; lastKnownFileType = sourcecode.c.objc; name = OneSignalPush.m; path = "onesignal-cordova-plugin/OneSignalPush.m"; sourceTree = "<group>"; };
		D2B1E3667FB241A597F25E84 /* ImageIO.framework */ = {isa = PBXFileReference; explicitFileType = undefined; fileEncoding = 9; includeInIndex = 0; lastKnownFileType = wrapper.framework; name = ImageIO.framework; path = System/Library/Frameworks/ImageIO.framework; sourceTree = SDKROOT; };
		DB43EA71A78E48939AE98FE8 /* OneSignalTracker.m */ = {isa = PBXFileReference; explicitFileType = undefined; fileEncoding = 4; includeInIndex = 0; lastKnownFileType = sourcecode.c.objc; name = OneSignalTracker.m; path = "onesignal-cordova-plugin/OneSignalTracker.m"; sourceTree = "<group>"; };
		DBDB2D6D16FD4F27BAF55136 /* OneSignalHTTPClient.m */ = {isa = PBXFileReference; explicitFileType = undefined; fileEncoding = 4; includeInIndex = 0; lastKnownFileType = sourcecode.c.objc; name = OneSignalHTTPClient.m; path = "onesignal-cordova-plugin/OneSignalHTTPClient.m"; sourceTree = "<group>"; };
		DE6A4C6C472F4A369656C4C1 /* CoreLocation.framework */ = {isa = PBXFileReference; explicitFileType = undefined; fileEncoding = 9; includeInIndex = 0; lastKnownFileType = wrapper.framework; name = CoreLocation.framework; path = System/Library/Frameworks/CoreLocation.framework; sourceTree = SDKROOT; };
		E0C4848040594E1E80766B44 /* CDVStatusBar.h */ = {isa = PBXFileReference; explicitFileType = undefined; fileEncoding = 4; includeInIndex = 0; lastKnownFileType = sourcecode.c.h; name = CDVStatusBar.h; path = "cordova-plugin-statusbar/CDVStatusBar.h"; sourceTree = "<group>"; };
		E1E683B75E584230AF36B8AE /* FBSDKLoginKit.framework */ = {isa = PBXFileReference; explicitFileType = undefined; fileEncoding = 9; includeInIndex = 0; lastKnownFileType = wrapper.framework; name = FBSDKLoginKit.framework; path = "Coffee Match/Plugins/cordova-plugin-facebook4/FBSDKLoginKit.framework"; sourceTree = "<group>"; };
		E61141E7AEDC47B7A2653AE0 /* CDVNotification.h */ = {isa = PBXFileReference; explicitFileType = undefined; fileEncoding = 4; includeInIndex = 0; lastKnownFileType = sourcecode.c.h; name = CDVNotification.h; path = "cordova-plugin-dialogs/CDVNotification.h"; sourceTree = "<group>"; };
		E73F5B56B8454AC9A3C9CD96 /* CDVCapture.bundle */ = {isa = PBXFileReference; explicitFileType = undefined; fileEncoding = 9; includeInIndex = 0; lastKnownFileType = "wrapper.plug-in"; path = CDVCapture.bundle; sourceTree = "<group>"; };
		EB87FDF31871DA8E0020F90C /* www */ = {isa = PBXFileReference; lastKnownFileType = folder; name = www; path = ../../www; sourceTree = "<group>"; };
		EB87FDF41871DAF40020F90C /* config.xml */ = {isa = PBXFileReference; lastKnownFileType = text.xml; name = config.xml; path = ../../config.xml; sourceTree = "<group>"; };
		ED33DF2A687741AEAF9F8254 /* Bridging-Header.h */ = {isa = PBXFileReference; fileEncoding = 4; lastKnownFileType = sourcecode.c.h; path = "Bridging-Header.h"; sourceTree = "<group>"; };
		F26E025216D7476A82D2AFC1 /* OneSignalWebView.h */ = {isa = PBXFileReference; explicitFileType = undefined; fileEncoding = 4; includeInIndex = 0; lastKnownFileType = sourcecode.c.h; name = OneSignalWebView.h; path = "onesignal-cordova-plugin/OneSignalWebView.h"; sourceTree = "<group>"; };
		F3E3C1012F054209BA1CB310 /* OneSignalLocation.m */ = {isa = PBXFileReference; explicitFileType = undefined; fileEncoding = 4; includeInIndex = 0; lastKnownFileType = sourcecode.c.objc; name = OneSignalLocation.m; path = "onesignal-cordova-plugin/OneSignalLocation.m"; sourceTree = "<group>"; };
		F432031461E94BF4B7CA9F3C /* CDVFileTransfer.h */ = {isa = PBXFileReference; explicitFileType = undefined; fileEncoding = 4; includeInIndex = 0; lastKnownFileType = sourcecode.c.h; name = CDVFileTransfer.h; path = "cordova-plugin-file-transfer/CDVFileTransfer.h"; sourceTree = "<group>"; };
		F47078A0223F42C0B48BDD97 /* Bolts.framework */ = {isa = PBXFileReference; explicitFileType = undefined; fileEncoding = 9; includeInIndex = 0; lastKnownFileType = wrapper.framework; name = Bolts.framework; path = "Coffee Match/Plugins/cordova-plugin-facebook4/Bolts.framework"; sourceTree = "<group>"; };
		F6B0879029FF410786B6A435 /* CDVSplashScreen.h */ = {isa = PBXFileReference; explicitFileType = undefined; fileEncoding = 4; includeInIndex = 0; lastKnownFileType = sourcecode.c.h; name = CDVSplashScreen.h; path = "cordova-plugin-splashscreen/CDVSplashScreen.h"; sourceTree = "<group>"; };
		F6BB365D8DDF4142BEBEF81B /* UNUserNotificationCenter+OneSignal.h */ = {isa = PBXFileReference; explicitFileType = undefined; fileEncoding = 4; includeInIndex = 0; lastKnownFileType = sourcecode.c.h; name = "UNUserNotificationCenter+OneSignal.h"; path = "onesignal-cordova-plugin/UNUserNotificationCenter+OneSignal.h"; sourceTree = "<group>"; };
		F840E1F0165FE0F500CFE078 /* config.xml */ = {isa = PBXFileReference; lastKnownFileType = text.xml; name = config.xml; path = "Coffee Match/config.xml"; sourceTree = "<group>"; };
		FCD24F1701D2418F8194E099 /* UIImage+CropScaleOrientation.m */ = {isa = PBXFileReference; explicitFileType = undefined; fileEncoding = 4; includeInIndex = 0; lastKnownFileType = sourcecode.c.objc; name = "UIImage+CropScaleOrientation.m"; path = "cordova-plugin-camera/UIImage+CropScaleOrientation.m"; sourceTree = "<group>"; };
		FDA77C8303694070BDC47D4A /* CDVContact.h */ = {isa = PBXFileReference; explicitFileType = undefined; fileEncoding = 4; includeInIndex = 0; lastKnownFileType = sourcecode.c.h; name = CDVContact.h; path = "cordova-plugin-contacts/CDVContact.h"; sourceTree = "<group>"; };
/* End PBXFileReference section */

/* Begin PBXFrameworksBuildPhase section */
		1D60588F0D05DD3D006BFB54 /* Frameworks */ = {
			isa = PBXFrameworksBuildPhase;
			buildActionMask = 2147483647;
			files = (
				301BF552109A68D80062928A /* libCordova.a in Frameworks */,
				E9D9BF23B272413483BC4F4C /* ImageIO.framework in Frameworks */,
				3592F2CE31ED494D9D10BC09 /* CoreLocation.framework in Frameworks */,
				307DF4B108C34EF4B54CF35B /* AVFoundation.framework in Frameworks */,
				698AC87D7BAE4D189C6397C3 /* AddressBook.framework in Frameworks */,
				13D1C99CE7EA49F599A77FEC /* AddressBookUI.framework in Frameworks */,
				34C8A1AB25E4414882398FF4 /* CoreMotion.framework in Frameworks */,
				5F44B1A8F9C34EEBB926830D /* AudioToolbox.framework in Frameworks */,
				61167A3C0E134FA09008DD08 /* SystemConfiguration.framework in Frameworks */,
				F823199AAD42434BA9DF7E3D /* CoreTelephony.framework in Frameworks */,
				E490868974D14E388675E7BC /* Bolts.framework in Frameworks */,
				0570DBF02B35451D97FA3167 /* FBSDKCoreKit.framework in Frameworks */,
				F9F50456325442F7BCA87A2F /* FBSDKLoginKit.framework in Frameworks */,
				D8A1980269C7479FB90917B9 /* FBSDKShareKit.framework in Frameworks */,
			);
			runOnlyForDeploymentPostprocessing = 0;
		};
/* End PBXFrameworksBuildPhase section */

/* Begin PBXGroup section */
		080E96DDFE201D6D7F000001 /* Classes */ = {
			isa = PBXGroup;
			children = (
				302D95EE14D2391D003F00A1 /* MainViewController.h */,
				302D95EF14D2391D003F00A1 /* MainViewController.m */,
				302D95F014D2391D003F00A1 /* MainViewController.xib */,
				1D3623240D0F684500981E51 /* AppDelegate.h */,
				1D3623250D0F684500981E51 /* AppDelegate.m */,
			);
			name = Classes;
			path = "Coffee Match/Classes";
			sourceTree = SOURCE_ROOT;
		};
		19C28FACFE9D520D11CA2CBB /* Products */ = {
			isa = PBXGroup;
			children = (
				1D6058910D05DD3D006BFB54 /* Coffee Match.app */,
			);
			name = Products;
			sourceTree = "<group>";
		};
		29B97314FDCFA39411CA2CEA /* CustomTemplate */ = {
			isa = PBXGroup;
			children = (
				397354B81DF8E57300313E3A /* Coffee Match.entitlements */,
				EB87FDF41871DAF40020F90C /* config.xml */,
				EB87FDF31871DA8E0020F90C /* www */,
				EB87FDF11871DA420020F90C /* Staging */,
				301BF52D109A57CC0062928A /* CordovaLib.xcodeproj */,
				080E96DDFE201D6D7F000001 /* Classes */,
				307C750510C5A3420062BCA9 /* Plugins */,
				29B97315FDCFA39411CA2CEA /* Other Sources */,
				29B97317FDCFA39411CA2CEA /* Resources */,
				29B97323FDCFA39411CA2CEA /* Frameworks */,
				19C28FACFE9D520D11CA2CBB /* Products */,
			);
			name = CustomTemplate;
			sourceTree = "<group>";
		};
		29B97315FDCFA39411CA2CEA /* Other Sources */ = {
			isa = PBXGroup;
			children = (
				32CA4F630368D1EE00C91783 /* Coffee Match-Prefix.pch */,
				29B97316FDCFA39411CA2CEA /* main.m */,
				ED33DF2A687741AEAF9F8254 /* Bridging-Header.h */,
			);
			name = "Other Sources";
			path = "Coffee Match";
			sourceTree = "<group>";
		};
		29B97317FDCFA39411CA2CEA /* Resources */ = {
			isa = PBXGroup;
			children = (
				0207DA571B56EA530066E2B4 /* Images.xcassets */,
				3047A50E1AB8057F00498E2A /* config */,
				8D1107310486CEB800E47090 /* Coffee Match-Info.plist */,
				C64602CD33434085AFB382DA /* CDVNotification.bundle */,
				E73F5B56B8454AC9A3C9CD96 /* CDVCapture.bundle */,
			);
			name = Resources;
			path = "Coffee Match/Resources";
			sourceTree = "<group>";
		};
		29B97323FDCFA39411CA2CEA /* Frameworks */ = {
			isa = PBXGroup;
			children = (
				D2B1E3667FB241A597F25E84 /* ImageIO.framework */,
				DE6A4C6C472F4A369656C4C1 /* CoreLocation.framework */,
				BF794ED5E15448D8A9D41F5D /* AVFoundation.framework */,
				5046552ABA374C61B0260845 /* AddressBook.framework */,
				0442B6A64C614F2BB4E0F6DC /* AddressBookUI.framework */,
				3F86D155CB9949F29C03861A /* CoreMotion.framework */,
				3A1A2115EA4E49F0B4A97C71 /* AudioToolbox.framework */,
				0BFFCA8D83174A90A6539555 /* SystemConfiguration.framework */,
				B16C820C7D3D4B0FA4B93D92 /* CoreTelephony.framework */,
				F47078A0223F42C0B48BDD97 /* Bolts.framework */,
				C0C501DEDF914F5C97D1D0AB /* FBSDKCoreKit.framework */,
				E1E683B75E584230AF36B8AE /* FBSDKLoginKit.framework */,
				222FE7FC5B7A4C72BB0B3973 /* FBSDKShareKit.framework */,
			);
			name = Frameworks;
			sourceTree = "<group>";
		};
		301BF52E109A57CC0062928A /* Products */ = {
			isa = PBXGroup;
			children = (
				301BF535109A57CC0062928A /* libCordova.a */,
			);
			name = Products;
			sourceTree = "<group>";
		};
		3047A50E1AB8057F00498E2A /* config */ = {
			isa = PBXGroup;
			children = (
				3047A50F1AB8059700498E2A /* build-debug.xcconfig */,
				3047A5101AB8059700498E2A /* build-release.xcconfig */,
				3047A5111AB8059700498E2A /* build.xcconfig */,
			);
			name = config;
			sourceTree = "<group>";
		};
		307C750510C5A3420062BCA9 /* Plugins */ = {
			isa = PBXGroup;
			children = (
				21F790F21ADF44309DF89C88 /* CDVBattery.m */,
				8FB692F88F2F40B2AB2BFAB2 /* CDVBattery.h */,
				FCD24F1701D2418F8194E099 /* UIImage+CropScaleOrientation.m */,
				B3185256AC574888B734ADFB /* CDVCamera.m */,
				4D1601C962C54B8D997549A0 /* CDVJpegHeaderWriter.m */,
				BD21E3AE61CD43059839D4CE /* UIImage+CropScaleOrientation.h */,
				20C670E233CB487FB0B5DAF3 /* CDVCamera.h */,
				A5A9FA18D5354A238FA2D366 /* CDVJpegHeaderWriter.h */,
				3A9FDDE385EB4905B8E05D8A /* CDVExif.h */,
				052EECA9C50C4F14B71C09E8 /* CDVLogger.m */,
				70385F2FF9444694BC8E4CF9 /* CDVLogger.h */,
				4152D818C5BD4796885670A2 /* CDVContacts.m */,
				6F2808DDDD5F4AD0AD77DD03 /* CDVContact.m */,
				0FD5CC48C5CC42D484FE5727 /* CDVContacts.h */,
				FDA77C8303694070BDC47D4A /* CDVContact.h */,
				515CCA898A7640B29877E748 /* CDVDevice.m */,
				1D18A1A8641246BB8ED7A81F /* CDVDevice.h */,
				86B186C8E15041159100DA33 /* CDVAccelerometer.m */,
				4E9908FD766A4DF59974660C /* CDVAccelerometer.h */,
				834A038D0E1D48BF8B2657F4 /* CDVCompass.m */,
				86ED3995ABED402E8948AAB1 /* CDVCompass.h */,
				C142CDED3B34457389D90891 /* CDVNotification.m */,
				E61141E7AEDC47B7A2653AE0 /* CDVNotification.h */,
				733EFF2D2B94478A99CC5D2E /* CDVFile.m */,
				3764EB13561F476FBC53FD71 /* CDVLocalFilesystem.m */,
				7CB38B08B19346E09E9993F8 /* CDVAssetLibraryFilesystem.m */,
				873657165B5E4062877691C3 /* CDVFile.h */,
				55B877093481478783AC0298 /* CDVLocalFilesystem.h */,
				8C7F938241B44E819607B944 /* CDVAssetLibraryFilesystem.h */,
				62BD5E8CB78B476B86801719 /* CDVFileTransfer.m */,
				F432031461E94BF4B7CA9F3C /* CDVFileTransfer.h */,
				CCA397AC99E2476AA2D7682D /* CDVLocation.m */,
				82E341ACCB3449BDAA9E8417 /* CDVLocation.h */,
				858338A0B3CA406DBBF2EFE0 /* CDVGlobalization.m */,
				CB73998E2C1E4821A083FDC1 /* CDVGlobalization.h */,
				1A319401611B401F864E688D /* CDVInAppBrowser.m */,
				CB50B7445A13448B83161283 /* CDVInAppBrowser.h */,
				789490A115D84A52B4486492 /* CDVSound.m */,
				C7EF36CC43E546BDAD4066DD /* CDVSound.h */,
				B3734FE9E2514CAAA96A1F42 /* CDVCapture.m */,
				B6F68BA07E5D4786830EEDCD /* CDVCapture.h */,
				335B81F5CD4E47A3A6887AA3 /* CDVConnection.m */,
				1825FA361CA8422BA5379CE1 /* CDVReachability.m */,
				8DCAFCBC4EE6429FB50B89FB /* CDVConnection.h */,
				84757613376548499A73A1D2 /* CDVReachability.h */,
				CA94EB9FDB4D4DCDB70EF297 /* CDVSplashScreen.m */,
				52A4F71CF18C4704BF624E30 /* CDVViewController+SplashScreen.m */,
				F6B0879029FF410786B6A435 /* CDVSplashScreen.h */,
				CC88098977704497AB5EDC85 /* CDVViewController+SplashScreen.h */,
				AA95C25C709C492C9903A1D8 /* CDVStatusBar.m */,
				E0C4848040594E1E80766B44 /* CDVStatusBar.h */,
				26D15C26C39046FDADE780AB /* CDVVibration.m */,
				8172C6E5BE79408B858968EC /* CDVVibration.h */,
				520AA812F9954EAEA6D61374 /* FacebookConnectPlugin.m */,
				9B41AC5D247F4BEA83E34BFE /* FacebookConnectPlugin.h */,
				1FB1FC8C207B49AD88BE59DE /* OneSignalPush.h */,
				4817D2F013F54BE6B2453B6E /* OneSignalSelectorHelpers.h */,
				F6BB365D8DDF4142BEBEF81B /* UNUserNotificationCenter+OneSignal.h */,
				C2423DA29C0D486D8B55E259 /* UIApplicationDelegate+OneSignal.h */,
				6FDD1A6E7C9F4B0B8856C0A5 /* OneSignal.m */,
				DBDB2D6D16FD4F27BAF55136 /* OneSignalHTTPClient.m */,
				8C8085EC43C34E4B8DF584CB /* OneSignalTrackIAP.m */,
				BEF2A85A151246859A673892 /* OneSignalJailbreakDetection.m */,
				7A4D9ABC42F24B66AB5F562E /* OneSignalReachability.m */,
				6941139FE1FB4740AA801D52 /* OneSignalMobileProvision.m */,
				F3E3C1012F054209BA1CB310 /* OneSignalLocation.m */,
				5A514D677E004C509C20BE77 /* OneSignalAlertViewDelegate.m */,
				DB43EA71A78E48939AE98FE8 /* OneSignalTracker.m */,
				869DFEF6963E48AA87751F71 /* OneSignalHelper.m */,
				538D44F8609C44B4AD84A7ED /* OneSignalWebView.m */,
				CE798C546AB547449A522F61 /* OneSignalPush.m */,
				4B431849E71B44D09C8AE880 /* OneSignalSelectorHelpers.m */,
				0924AE95E4D34C9DBDBD05A0 /* UNUserNotificationCenter+OneSignal.m */,
				7092C2CE6829490AB928F6E0 /* UIApplicationDelegate+OneSignal.m */,
				9DC3841EB3CB469F987A937E /* OneSignal.h */,
				51C1FEC66B3E4084B8312AFB /* OneSignalHTTPClient.h */,
				0944910589414953BD72F422 /* OneSignalTrackIAP.h */,
				B28B5F8C73E44E1797670967 /* OneSignalJailbreakDetection.h */,
				0057991FA25645CAB8307670 /* OneSignalReachability.h */,
				B846A69D75C7470FBB2874FC /* OneSignalMobileProvision.h */,
				6C00A06B7DB64C809FAEFE1E /* OneSignalLocation.h */,
				95E48C61D6034CA99F3A233A /* OneSignalAlertViewDelegate.h */,
				ADFDDCC3A6E241F4ADDEB2BE /* OneSignalHelper.h */,
				84B41C14CAF0496DB7D5B714 /* OneSignalTracker.h */,
				F26E025216D7476A82D2AFC1 /* OneSignalWebView.h */,
				1E9B6A3BCB6644098E77811B /* OneSignal-Prefix.pch */,
			);
			name = Plugins;
			path = "Coffee Match/Plugins";
			sourceTree = SOURCE_ROOT;
		};
		EB87FDF11871DA420020F90C /* Staging */ = {
			isa = PBXGroup;
			children = (
				F840E1F0165FE0F500CFE078 /* config.xml */,
				301BF56E109A69640062928A /* www */,
			);
			name = Staging;
			sourceTree = "<group>";
		};
/* End PBXGroup section */

/* Begin PBXNativeTarget section */
		1D6058900D05DD3D006BFB54 /* Coffee Match */ = {
			isa = PBXNativeTarget;
			buildConfigurationList = 1D6058960D05DD3E006BFB54 /* Build configuration list for PBXNativeTarget "Coffee Match" */;
			buildPhases = (
				304B58A110DAC018002A0835 /* Copy www directory */,
				1D60588D0D05DD3D006BFB54 /* Resources */,
				1D60588E0D05DD3D006BFB54 /* Sources */,
				1D60588F0D05DD3D006BFB54 /* Frameworks */,
			);
			buildRules = (
			);
			dependencies = (
				301BF551109A68C00062928A /* PBXTargetDependency */,
			);
			name = "Coffee Match";
			productName = "Coffee Match";
			productReference = 1D6058910D05DD3D006BFB54 /* Coffee Match.app */;
			productType = "com.apple.product-type.application";
		};
/* End PBXNativeTarget section */

/* Begin PBXProject section */
		29B97313FDCFA39411CA2CEA /* Project object */ = {
			isa = PBXProject;
			attributes = {
				LastUpgradeCheck = 510;
				TargetAttributes = {
					1D6058900D05DD3D006BFB54 = {
						DevelopmentTeam = RG8LYSUZX9;
						SystemCapabilities = {
							com.apple.Push = {
								enabled = 1;
							};
						};
					};
				};
			};
			buildConfigurationList = C01FCF4E08A954540054247B /* Build configuration list for PBXProject "Coffee Match" */;
			compatibilityVersion = "Xcode 3.2";
			developmentRegion = English;
			hasScannedForEncodings = 1;
			knownRegions = (
				en,
			);
			mainGroup = 29B97314FDCFA39411CA2CEA /* CustomTemplate */;
			projectDirPath = "";
			projectReferences = (
				{
					ProductGroup = 301BF52E109A57CC0062928A /* Products */;
					ProjectRef = 301BF52D109A57CC0062928A /* CordovaLib.xcodeproj */;
				},
			);
			projectRoot = "";
			targets = (
				1D6058900D05DD3D006BFB54 /* Coffee Match */,
			);
		};
/* End PBXProject section */

/* Begin PBXReferenceProxy section */
		301BF535109A57CC0062928A /* libCordova.a */ = {
			isa = PBXReferenceProxy;
			fileType = archive.ar;
			path = libCordova.a;
			remoteRef = 301BF534109A57CC0062928A /* PBXContainerItemProxy */;
			sourceTree = BUILT_PRODUCTS_DIR;
		};
/* End PBXReferenceProxy section */

/* Begin PBXResourcesBuildPhase section */
		1D60588D0D05DD3D006BFB54 /* Resources */ = {
			isa = PBXResourcesBuildPhase;
			buildActionMask = 2147483647;
			files = (
				302D95F214D2391D003F00A1 /* MainViewController.xib in Resources */,
				3047A5131AB8059700498E2A /* build-release.xcconfig in Resources */,
				3047A5141AB8059700498E2A /* build.xcconfig in Resources */,
				0207DA581B56EA530066E2B4 /* Images.xcassets in Resources */,
				3047A5121AB8059700498E2A /* build-debug.xcconfig in Resources */,
				064A2A2AE321481685E33A2B /* CDVNotification.bundle in Resources */,
				A041BF6D7CD646858AB861B1 /* CDVCapture.bundle in Resources */,
			);
			runOnlyForDeploymentPostprocessing = 0;
		};
/* End PBXResourcesBuildPhase section */

/* Begin PBXShellScriptBuildPhase section */
		304B58A110DAC018002A0835 /* Copy www directory */ = {
			isa = PBXShellScriptBuildPhase;
			buildActionMask = 2147483647;
			files = (
			);
			inputPaths = (
			);
			name = "Copy www directory";
			outputPaths = (
			);
			runOnlyForDeploymentPostprocessing = 0;
			shellPath = /bin/sh;
			shellScript = "NODEJS_PATH=/usr/local/bin; NVM_NODE_PATH=~/.nvm/versions/node/`nvm version 2>/dev/null`/bin; N_NODE_PATH=`find /usr/local/n/versions/node/* -maxdepth 0 -type d 2>/dev/null | tail -1`/bin; XCODE_NODE_PATH=`xcode-select --print-path`/usr/share/xcs/Node/bin; PATH=$NODEJS_PATH:$NVM_NODE_PATH:$N_NODE_PATH:$XCODE_NODE_PATH:$PATH && node cordova/lib/copy-www-build-step.js";
			showEnvVarsInLog = 0;
		};
/* End PBXShellScriptBuildPhase section */

/* Begin PBXSourcesBuildPhase section */
		1D60588E0D05DD3D006BFB54 /* Sources */ = {
			isa = PBXSourcesBuildPhase;
			buildActionMask = 2147483647;
			files = (
				1D60589B0D05DD56006BFB54 /* main.m in Sources */,
				1D3623260D0F684500981E51 /* AppDelegate.m in Sources */,
				302D95F114D2391D003F00A1 /* MainViewController.m in Sources */,
				62EBFA01EE1D4A48B04D0C2D /* CDVBattery.m in Sources */,
				219DC14B8B6A45AFA1C6056F /* UIImage+CropScaleOrientation.m in Sources */,
				05108DDFC4E14F49A4F1A593 /* CDVCamera.m in Sources */,
				10CBB0AC38C34997A866210E /* CDVJpegHeaderWriter.m in Sources */,
				FA8127E0B27946CBAA337723 /* CDVLogger.m in Sources */,
				15F7B51DB4574312BDAAE0ED /* CDVContacts.m in Sources */,
				C465E073882A47CB87B399D2 /* CDVContact.m in Sources */,
				3D08275FDB5B4384B4AFB6B8 /* CDVDevice.m in Sources */,
				1D0F271981274448A1658718 /* CDVAccelerometer.m in Sources */,
				7BB9F5B9905F444EA1F6F62D /* CDVCompass.m in Sources */,
				11718CCFEC3C44DE9BAC70E0 /* CDVNotification.m in Sources */,
				4098E1057F654FF19D2AB050 /* CDVFile.m in Sources */,
				6D825FCF61154EEB9D9E7E6C /* CDVLocalFilesystem.m in Sources */,
				119A6F1E3C77402EBA0E6846 /* CDVAssetLibraryFilesystem.m in Sources */,
				6A07C54935DD42AFA8A1A2BA /* CDVFileTransfer.m in Sources */,
				19B25A9ACA464C0188031483 /* CDVLocation.m in Sources */,
				72284C8C1C1140B7A8A0EA6E /* CDVGlobalization.m in Sources */,
				083B6B7E5CC844CCB7AF07C8 /* CDVInAppBrowser.m in Sources */,
				925881B33BA84C549EE56C35 /* CDVSound.m in Sources */,
				7D1274BD8EE846FC85E50A6A /* CDVCapture.m in Sources */,
				9E98D090E9A9478D99300942 /* CDVConnection.m in Sources */,
				047B8E44AE604E339999F5E7 /* CDVReachability.m in Sources */,
				07617213B26441D88F10C10B /* CDVSplashScreen.m in Sources */,
				83EE15CCC7E040D2B563E535 /* CDVViewController+SplashScreen.m in Sources */,
				2DEE223164FF47AC92411191 /* CDVStatusBar.m in Sources */,
				CC8C8A81C61742F4B6B52749 /* CDVVibration.m in Sources */,
				8A5E7E540C444A80ACFE41A3 /* FacebookConnectPlugin.m in Sources */,
				C1847814B57D438C99E70D1D /* OneSignalPush.h in Sources */,
				BCFF18A5459341BCB7AEAD76 /* OneSignalSelectorHelpers.h in Sources */,
				262B0B51CA1A403EBACF30DA /* UNUserNotificationCenter+OneSignal.h in Sources */,
				6E3E7E3B0A9B4B9584F0052B /* UIApplicationDelegate+OneSignal.h in Sources */,
				098CAE30F44D43B7821CBEF1 /* OneSignal.m in Sources */,
				E18E1095FE3C4627819BE994 /* OneSignalHTTPClient.m in Sources */,
				482826E29A9340729339F534 /* OneSignalTrackIAP.m in Sources */,
				5BB8294BF55E48179410EFCD /* OneSignalJailbreakDetection.m in Sources */,
				30A57C565BFB4FD58115AB46 /* OneSignalReachability.m in Sources */,
				387BD062B805431D99D2932C /* OneSignalMobileProvision.m in Sources */,
				1DF3012CA35844BFA72766F6 /* OneSignalLocation.m in Sources */,
				584A4E081A06461D91C9A911 /* OneSignalAlertViewDelegate.m in Sources */,
				69CEBDCBD70D4BC792D2F177 /* OneSignalTracker.m in Sources */,
				9996A5BC2B1A4DB0A773CB12 /* OneSignalHelper.m in Sources */,
				EE73389F42BD4BD78FF94B8E /* OneSignalWebView.m in Sources */,
				F63F6C7484B4404EB8EBD6A6 /* OneSignalPush.m in Sources */,
				4276385BA6EC400DA4B8FF04 /* OneSignalSelectorHelpers.m in Sources */,
				B07AD787AF9B48D398AF18D2 /* UNUserNotificationCenter+OneSignal.m in Sources */,
				48D28688DE2A421C9D8A990A /* UIApplicationDelegate+OneSignal.m in Sources */,
			);
			runOnlyForDeploymentPostprocessing = 0;
		};
/* End PBXSourcesBuildPhase section */

/* Begin PBXTargetDependency section */
		301BF551109A68C00062928A /* PBXTargetDependency */ = {
			isa = PBXTargetDependency;
			name = CordovaLib;
			targetProxy = 301BF550109A68C00062928A /* PBXContainerItemProxy */;
		};
/* End PBXTargetDependency section */

/* Begin XCBuildConfiguration section */
		1D6058940D05DD3E006BFB54 /* Debug */ = {
			isa = XCBuildConfiguration;
			baseConfigurationReference = 3047A50F1AB8059700498E2A /* build-debug.xcconfig */;
			buildSettings = {
				ALWAYS_SEARCH_USER_PATHS = NO;
				ASSETCATALOG_COMPILER_APPICON_NAME = AppIcon;
				ASSETCATALOG_COMPILER_LAUNCHIMAGE_NAME = LaunchImage;
				CLANG_ENABLE_MODULES = YES;
				CLANG_ENABLE_OBJC_ARC = YES;
				CODE_SIGN_ENTITLEMENTS = "Coffee Match/Coffee Match.entitlements";
				COPY_PHASE_STRIP = NO;
				DEVELOPMENT_TEAM = RG8LYSUZX9;
				FRAMEWORK_SEARCH_PATHS = (
					"$(inherited)",
					"\"Coffee Match/Plugins/cordova-plugin-facebook4\"",
					"\"Coffee Match/Plugins/cordova-plugin-facebook4\"",
					"\"Coffee Match/Plugins/cordova-plugin-facebook4\"",
					"\"Coffee Match/Plugins/cordova-plugin-facebook4\"",
				);
				GCC_DYNAMIC_NO_PIC = NO;
				GCC_OPTIMIZATION_LEVEL = 0;
				GCC_PRECOMPILE_PREFIX_HEADER = YES;
				GCC_PREFIX_HEADER = "Coffee Match/Coffee Match-Prefix.pch";
				GCC_THUMB_SUPPORT = NO;
				GCC_VERSION = "";
				INFOPLIST_FILE = "Coffee Match/Coffee Match-Info.plist";
				LD_RUNPATH_SEARCH_PATHS = "@executable_path/Frameworks";
				PRODUCT_NAME = "Coffee Match";
			};
			name = Debug;
		};
		1D6058950D05DD3E006BFB54 /* Release */ = {
			isa = XCBuildConfiguration;
			baseConfigurationReference = 3047A5101AB8059700498E2A /* build-release.xcconfig */;
			buildSettings = {
				ALWAYS_SEARCH_USER_PATHS = NO;
				ASSETCATALOG_COMPILER_APPICON_NAME = AppIcon;
				ASSETCATALOG_COMPILER_LAUNCHIMAGE_NAME = LaunchImage;
				CLANG_ENABLE_MODULES = YES;
				CLANG_ENABLE_OBJC_ARC = YES;
				CODE_SIGN_ENTITLEMENTS = "Coffee Match/Coffee Match.entitlements";
				COPY_PHASE_STRIP = YES;
				DEVELOPMENT_TEAM = RG8LYSUZX9;
				FRAMEWORK_SEARCH_PATHS = (
					"$(inherited)",
					"\"Coffee Match/Plugins/cordova-plugin-facebook4\"",
					"\"Coffee Match/Plugins/cordova-plugin-facebook4\"",
					"\"Coffee Match/Plugins/cordova-plugin-facebook4\"",
					"\"Coffee Match/Plugins/cordova-plugin-facebook4\"",
				);
				GCC_PRECOMPILE_PREFIX_HEADER = YES;
				GCC_PREFIX_HEADER = "Coffee Match/Coffee Match-Prefix.pch";
				GCC_THUMB_SUPPORT = NO;
				GCC_VERSION = "";
				INFOPLIST_FILE = "Coffee Match/Coffee Match-Info.plist";
				PRODUCT_NAME = "Coffee Match";
			};
			name = Release;
		};
		C01FCF4F08A954540054247B /* Debug */ = {
			isa = XCBuildConfiguration;
			baseConfigurationReference = 3047A5111AB8059700498E2A /* build.xcconfig */;
			buildSettings = {
				CLANG_ENABLE_MODULES = YES;
				CLANG_ENABLE_OBJC_ARC = YES;
				CLANG_WARN_BOOL_CONVERSION = YES;
				CLANG_WARN_CONSTANT_CONVERSION = YES;
				CLANG_WARN_EMPTY_BODY = YES;
				CLANG_WARN_ENUM_CONVERSION = YES;
				CLANG_WARN_INT_CONVERSION = YES;
				CLANG_WARN__DUPLICATE_METHOD_MATCH = YES;
				GCC_C_LANGUAGE_STANDARD = c99;
				GCC_THUMB_SUPPORT = NO;
				GCC_VERSION = "";
				GCC_WARN_ABOUT_RETURN_TYPE = YES;
				GCC_WARN_UNDECLARED_SELECTOR = YES;
				GCC_WARN_UNINITIALIZED_AUTOS = YES;
				GCC_WARN_UNUSED_FUNCTION = YES;
				GCC_WARN_UNUSED_VARIABLE = YES;
				ONLY_ACTIVE_ARCH = YES;
				SDKROOT = iphoneos;
				SKIP_INSTALL = NO;
			};
			name = Debug;
		};
		C01FCF5008A954540054247B /* Release */ = {
			isa = XCBuildConfiguration;
			baseConfigurationReference = 3047A5111AB8059700498E2A /* build.xcconfig */;
			buildSettings = {
				CLANG_ENABLE_MODULES = YES;
				CLANG_ENABLE_OBJC_ARC = YES;
				CLANG_WARN_BOOL_CONVERSION = YES;
				CLANG_WARN_CONSTANT_CONVERSION = YES;
				CLANG_WARN_EMPTY_BODY = YES;
				CLANG_WARN_ENUM_CONVERSION = YES;
				CLANG_WARN_INT_CONVERSION = YES;
				CLANG_WARN__DUPLICATE_METHOD_MATCH = YES;
				GCC_C_LANGUAGE_STANDARD = c99;
				GCC_THUMB_SUPPORT = NO;
				GCC_VERSION = "";
				GCC_WARN_ABOUT_RETURN_TYPE = YES;
				GCC_WARN_UNDECLARED_SELECTOR = YES;
				GCC_WARN_UNINITIALIZED_AUTOS = YES;
				GCC_WARN_UNUSED_FUNCTION = YES;
				GCC_WARN_UNUSED_VARIABLE = YES;
				SDKROOT = iphoneos;
				SKIP_INSTALL = NO;
			};
			name = Release;
		};
/* End XCBuildConfiguration section */

/* Begin XCConfigurationList section */
		1D6058960D05DD3E006BFB54 /* Build configuration list for PBXNativeTarget "Coffee Match" */ = {
			isa = XCConfigurationList;
			buildConfigurations = (
				1D6058940D05DD3E006BFB54 /* Debug */,
				1D6058950D05DD3E006BFB54 /* Release */,
			);
			defaultConfigurationIsVisible = 0;
			defaultConfigurationName = Release;
		};
		C01FCF4E08A954540054247B /* Build configuration list for PBXProject "Coffee Match" */ = {
			isa = XCConfigurationList;
			buildConfigurations = (
				C01FCF4F08A954540054247B /* Debug */,
				C01FCF5008A954540054247B /* Release */,
			);
			defaultConfigurationIsVisible = 0;
			defaultConfigurationName = Release;
		};
/* End XCConfigurationList section */
	};
	rootObject = 29B97313FDCFA39411CA2CEA /* Project object */;
}
